{
  "name": "ttrentsou-task-queue",
  "version": "1.0.0",
  "lockfileVersion": 3,
  "requires": true,
  "packages": {
    "": {
      "name": "ttrentsou-task-queue",
      "version": "1.0.0",
      "license": "MIT",
      "dependencies": {
        "ttrentsou-errorlogger": "^1.0.1"
      }
    },
    "node_modules/ttrentsou-errorlogger": {
      "version": "1.0.1",
      "resolved": "https://registry.npmjs.org/ttrentsou-errorlogger/-/ttrentsou-errorlogger-1.0.1.tgz",
      "integrity": "sha512-9ah9AkQr35UD7tYqT7ioFhwitcyXdRdqfDZqKa3cun3gAGRbDD0kGpbVMao9hAKOUv7imDeUQyYBf8GtsIlTsg==",
      "dependencies": {
        "ttrentsou-task-queue": "^1.0.0"
      }
    },
    "node_modules/ttrentsou-task-queue": {
      "version": "1.0.0",
      "resolved": "https://registry.npmjs.org/ttrentsou-task-queue/-/ttrentsou-task-queue-1.0.0.tgz",
      "integrity": "sha512-8pvB9pPjZK24fw6s8v+yMgVYQ4oQ1n/OcZpeFSsBMWv4/5hh7wGivaCoP96yVI+I3fQE1dgwcx40ImMy0YQPpA=="
    }
  }
}
